
Microsoft Visual Studio Solution File, Format Version 12.00
# Visual Studio Version 16
VisualStudioVersion = 16.0.33130.400
MinimumVisualStudioVersion = 10.0.40219.1
Project("{FAE04EC0-301F-11D3-BF4B-00C04F79EFBC}") = "Biomarkt-Software", "Biomarkt-Software\Biomarkt-Software.csproj", "{66D7CB9D-B55D-47CD-8213-8AFD8CDF5B11}"
EndProject
Global
	GlobalSection(SolutionConfigurationPlatforms) = preSolution
		Debug|Any CPU = Debug|Any CPU
		Release|Any CPU = Release|Any CPU
	EndGlobalSection
	GlobalSection(ProjectConfigurationPlatforms) = postSolution
		{66D7CB9D-B55D-47CD-8213-8AFD8CDF5B11}.Debug|Any CPU.ActiveCfg = Debug|Any CPU
		{66D7CB9D-B55D-47CD-8213-8AFD8CDF5B11}.Debug|Any CPU.Build.0 = Debug|Any CPU
		{66D7CB9D-B55D-47CD-8213-8AFD8CDF5B11}.Release|Any CPU.ActiveCfg = Release|Any CPU
		{66D7CB9D-B55D-47CD-8213-8AFD8CDF5B11}.Release|Any CPU.Build.0 = Release|Any CPU
	EndGlobalSection
	GlobalSection(SolutionProperties) = preSolution
		HideSolutionNode = FALSE
	EndGlobalSection
	GlobalSection(ExtensibilityGlobals) = postSolution
		SolutionGuid = {642BC105-B3FC-470A-BD40-3882BE01C226}
	EndGlobalSection
EndGlobal
